
Microsoft Visual Studio Solution File, Format Version 12.00
# Visual Studio Version 16
VisualStudioVersion = 16.0.29911.84
MinimumVisualStudioVersion = 10.0.40219.1
Project("{6EC3EE1D-3C4E-46DD-8F32-0CC8E7565705}") = "FsharpCheckoutKata", "FsharpCheckoutKata\FsharpCheckoutKata.fsproj", "{BD2B468B-520D-4BAD-83BD-60B48C8C2640}"
EndProject
Project("{6EC3EE1D-3C4E-46DD-8F32-0CC8E7565705}") = "FsharpCheckoutKata.Tests", "FsharpCheckoutKata.Tests\FsharpCheckoutKata.Tests.fsproj", "{1B3146AF-4FDC-421C-9E91-A0DF37D9F136}"
EndProject
Global
	GlobalSection(SolutionConfigurationPlatforms) = preSolution
		Debug|Any CPU = Debug|Any CPU
		Release|Any CPU = Release|Any CPU
	EndGlobalSection
	GlobalSection(ProjectConfigurationPlatforms) = postSolution
		{BD2B468B-520D-4BAD-83BD-60B48C8C2640}.Debug|Any CPU.ActiveCfg = Debug|Any CPU
		{BD2B468B-520D-4BAD-83BD-60B48C8C2640}.Debug|Any CPU.Build.0 = Debug|Any CPU
		{BD2B468B-520D-4BAD-83BD-60B48C8C2640}.Release|Any CPU.ActiveCfg = Release|Any CPU
		{BD2B468B-520D-4BAD-83BD-60B48C8C2640}.Release|Any CPU.Build.0 = Release|Any CPU
		{1B3146AF-4FDC-421C-9E91-A0DF37D9F136}.Debug|Any CPU.ActiveCfg = Debug|Any CPU
		{1B3146AF-4FDC-421C-9E91-A0DF37D9F136}.Debug|Any CPU.Build.0 = Debug|Any CPU
		{1B3146AF-4FDC-421C-9E91-A0DF37D9F136}.Release|Any CPU.ActiveCfg = Release|Any CPU
		{1B3146AF-4FDC-421C-9E91-A0DF37D9F136}.Release|Any CPU.Build.0 = Release|Any CPU
	EndGlobalSection
	GlobalSection(SolutionProperties) = preSolution
		HideSolutionNode = FALSE
	EndGlobalSection
	GlobalSection(ExtensibilityGlobals) = postSolution
		SolutionGuid = {873B9ACB-71C1-4CFD-AFB8-DC600956FA08}
	EndGlobalSection
EndGlobal
